
Microsoft Visual Studio Solution File, Format Version 12.00
# Visual Studio Version 16
VisualStudioVersion = 16.0.33920.266
MinimumVisualStudioVersion = 10.0.40219.1
Project("{FAE04EC0-301F-11D3-BF4B-00C04F79EFBC}") = "Atown10_CMobile.Android", "Atown10_CMobile\Atown10_CMobile.Android\Atown10_CMobile.Android.csproj", "{1BC6502A-C69C-49B6-8349-5A951613E283}"
EndProject
Project("{FAE04EC0-301F-11D3-BF4B-00C04F79EFBC}") = "Atown10_CMobile", "Atown10_CMobile\Atown10_CMobile\Atown10_CMobile.csproj", "{2224467F-AA9B-4A72-B167-E8B356473894}"
EndProject
Global
	GlobalSection(SolutionConfigurationPlatforms) = preSolution
		Debug|Any CPU = Debug|Any CPU
		Release|Any CPU = Release|Any CPU
	EndGlobalSection
	GlobalSection(ProjectConfigurationPlatforms) = postSolution
		{1BC6502A-C69C-49B6-8349-5A951613E283}.Debug|Any CPU.ActiveCfg = Debug|Any CPU
		{1BC6502A-C69C-49B6-8349-5A951613E283}.Debug|Any CPU.Build.0 = Debug|Any CPU
		{1BC6502A-C69C-49B6-8349-5A951613E283}.Debug|Any CPU.Deploy.0 = Debug|Any CPU
		{1BC6502A-C69C-49B6-8349-5A951613E283}.Release|Any CPU.ActiveCfg = Release|Any CPU
		{1BC6502A-C69C-49B6-8349-5A951613E283}.Release|Any CPU.Build.0 = Release|Any CPU
		{1BC6502A-C69C-49B6-8349-5A951613E283}.Release|Any CPU.Deploy.0 = Release|Any CPU
		{2224467F-AA9B-4A72-B167-E8B356473894}.Debug|Any CPU.ActiveCfg = Debug|Any CPU
		{2224467F-AA9B-4A72-B167-E8B356473894}.Debug|Any CPU.Build.0 = Debug|Any CPU
		{2224467F-AA9B-4A72-B167-E8B356473894}.Debug|Any CPU.Deploy.0 = Debug|Any CPU
		{2224467F-AA9B-4A72-B167-E8B356473894}.Release|Any CPU.ActiveCfg = Release|Any CPU
		{2224467F-AA9B-4A72-B167-E8B356473894}.Release|Any CPU.Build.0 = Release|Any CPU
		{2224467F-AA9B-4A72-B167-E8B356473894}.Release|Any CPU.Deploy.0 = Release|Any CPU
	EndGlobalSection
	GlobalSection(SolutionProperties) = preSolution
		HideSolutionNode = FALSE
	EndGlobalSection
	GlobalSection(ExtensibilityGlobals) = postSolution
		SolutionGuid = {ED571287-F56E-4A54-9695-784D3A530969}
	EndGlobalSection
EndGlobal
